
Microsoft Visual Studio Solution File, Format Version 12.00
# Visual Studio Version 16
VisualStudioVersion = 16.0.30907.101
MinimumVisualStudioVersion = 10.0.40219.1
Project("{FAE04EC0-301F-11D3-BF4B-00C04F79EFBC}") = "Mindsweeper1", "Mindsweeper1\Mindsweeper1.csproj", "{96A20B5F-6FCD-4D01-BF21-E4D2AF14DCF1}"
EndProject
Global
	GlobalSection(SolutionConfigurationPlatforms) = preSolution
		Debug|Any CPU = Debug|Any CPU
		Release|Any CPU = Release|Any CPU
	EndGlobalSection
	GlobalSection(ProjectConfigurationPlatforms) = postSolution
		{96A20B5F-6FCD-4D01-BF21-E4D2AF14DCF1}.Debug|Any CPU.ActiveCfg = Debug|Any CPU
		{96A20B5F-6FCD-4D01-BF21-E4D2AF14DCF1}.Debug|Any CPU.Build.0 = Debug|Any CPU
		{96A20B5F-6FCD-4D01-BF21-E4D2AF14DCF1}.Release|Any CPU.ActiveCfg = Release|Any CPU
		{96A20B5F-6FCD-4D01-BF21-E4D2AF14DCF1}.Release|Any CPU.Build.0 = Release|Any CPU
	EndGlobalSection
	GlobalSection(SolutionProperties) = preSolution
		HideSolutionNode = FALSE
	EndGlobalSection
	GlobalSection(ExtensibilityGlobals) = postSolution
		SolutionGuid = {F75778D3-EFAF-4C19-B9DF-3C9EAE75228F}
	EndGlobalSection
EndGlobal
